// !$*UTF8*$!
{
	archiveVersion = 1;
	classes = {
	};
	objectVersion = 46;
	objects = {

/* Begin PBXBuildFile section */
		A1F13C651A5E98BC0057AD5A /* main.m in Sources */ = {isa = PBXBuildFile; fileRef = A1F13C641A5E98BC0057AD5A /* main.m */; };
		A1F13C681A5E98BC0057AD5A /* AppDelegate.m in Sources */ = {isa = PBXBuildFile; fileRef = A1F13C671A5E98BC0057AD5A /* AppDelegate.m */; };
		A1F13C6A1A5E98BC0057AD5A /* Images.xcassets in Resources */ = {isa = PBXBuildFile; fileRef = A1F13C691A5E98BC0057AD5A /* Images.xcassets */; };
		A1F13C6D1A5E98BC0057AD5A /* LaunchScreen.xib in Resources */ = {isa = PBXBuildFile; fileRef = A1F13C6B1A5E98BC0057AD5A /* LaunchScreen.xib */; };
		A1F13C791A5E98BC0057AD5A /* JXScreenOrientationControlTests.m in Sources */ = {isa = PBXBuildFile; fileRef = A1F13C781A5E98BC0057AD5A /* JXScreenOrientationControlTests.m */; };
		A1F13C8D1A5E9EE70057AD5A /* JXViewController.m in Sources */ = {isa = PBXBuildFile; fileRef = A1F13C8C1A5E9EE70057AD5A /* JXViewController.m */; };
		A1F13C991A5EA21A0057AD5A /* AppDelegate+JXScreenControl.m in Sources */ = {isa = PBXBuildFile; fileRef = A1F13C961A5EA21A0057AD5A /* AppDelegate+JXScreenControl.m */; };
		A1F13C9A1A5EA21A0057AD5A /* JXScreenControl.m in Sources */ = {isa = PBXBuildFile; fileRef = A1F13C981A5EA21A0057AD5A /* JXScreenControl.m */; };
/* End PBXBuildFile section */

/* Begin PBXContainerItemProxy section */
		A1F13C731A5E98BC0057AD5A /* PBXContainerItemProxy */ = {
			isa = PBXContainerItemProxy;
			containerPortal = A1F13C571A5E98BB0057AD5A /* Project object */;
			proxyType = 1;
			remoteGlobalIDString = A1F13C5E1A5E98BB0057AD5A;
			remoteInfo = JXScreenOrientationControl;
		};
/* End PBXContainerItemProxy section */

/* Begin PBXFileReference section */
		A1F13C5F1A5E98BB0057AD5A /* JXScreenOrientationControl.app */ = {isa = PBXFileReference; explicitFileType = wrapper.application; includeInIndex = 0; path = JXScreenOrientationControl.app; sourceTree = BUILT_PRODUCTS_DIR; };
		A1F13C631A5E98BC0057AD5A /* Info.plist */ = {isa = PBXFileReference; lastKnownFileType = text.plist.xml; path = Info.plist; sourceTree = "<group>"; };
		A1F13C641A5E98BC0057AD5A /* main.m */ = {isa = PBXFileReference; lastKnownFileType = sourcecode.c.objc; path = main.m; sourceTree = "<group>"; };
		A1F13C661A5E98BC0057AD5A /* AppDelegate.h */ = {isa = PBXFileReference; lastKnownFileType = sourcecode.c.h; path = AppDelegate.h; sourceTree = "<group>"; };
		A1F13C671A5E98BC0057AD5A /* AppDelegate.m */ = {isa = PBXFileReference; lastKnownFileType = sourcecode.c.objc; path = AppDelegate.m; sourceTree = "<group>"; };
		A1F13C691A5E98BC0057AD5A /* Images.xcassets */ = {isa = PBXFileReference; lastKnownFileType = folder.assetcatalog; path = Images.xcassets; sourceTree = "<group>"; };
		A1F13C6C1A5E98BC0057AD5A /* Base */ = {isa = PBXFileReference; lastKnownFileType = file.xib; name = Base; path = Base.lproj/LaunchScreen.xib; sourceTree = "<group>"; };
		A1F13C721A5E98BC0057AD5A /* JXScreenOrientationControlTests.xctest */ = {isa = PBXFileReference; explicitFileType = wrapper.cfbundle; includeInIndex = 0; path = JXScreenOrientationControlTests.xctest; sourceTree = BUILT_PRODUCTS_DIR; };
		A1F13C771A5E98BC0057AD5A /* Info.plist */ = {isa = PBXFileReference; lastKnownFileType = text.plist.xml; path = Info.plist; sourceTree = "<group>"; };
		A1F13C781A5E98BC0057AD5A /* JXScreenOrientationControlTests.m */ = {isa = PBXFileReference; lastKnownFileType = sourcecode.c.objc; path = JXScreenOrientationControlTests.m; sourceTree = "<group>"; };
		A1F13C8B1A5E9EE70057AD5A /* JXViewController.h */ = {isa = PBXFileReference; fileEncoding = 4; lastKnownFileType = sourcecode.c.h; path = JXViewController.h; sourceTree = "<group>"; };
		A1F13C8C1A5E9EE70057AD5A /* JXViewController.m */ = {isa = PBXFileReference; fileEncoding = 4; lastKnownFileType = sourcecode.c.objc; path = JXViewController.m; sourceTree = "<group>"; };
		A1F13C951A5EA21A0057AD5A /* AppDelegate+JXScreenControl.h */ = {isa = PBXFileReference; fileEncoding = 4; lastKnownFileType = sourcecode.c.h; path = "AppDelegate+JXScreenControl.h"; sourceTree = "<group>"; };
		A1F13C961A5EA21A0057AD5A /* AppDelegate+JXScreenControl.m */ = {isa = PBXFileReference; fileEncoding = 4; lastKnownFileType = sourcecode.c.objc; path = "AppDelegate+JXScreenControl.m"; sourceTree = "<group>"; };
		A1F13C971A5EA21A0057AD5A /* JXScreenControl.h */ = {isa = PBXFileReference; fileEncoding = 4; lastKnownFileType = sourcecode.c.h; path = JXScreenControl.h; sourceTree = "<group>"; };
		A1F13C981A5EA21A0057AD5A /* JXScreenControl.m */ = {isa = PBXFileReference; fileEncoding = 4; lastKnownFileType = sourcecode.c.objc; path = JXScreenControl.m; sourceTree = "<group>"; };
/* End PBXFileReference section */

/* Begin PBXFrameworksBuildPhase section */
		A1F13C5C1A5E98BB0057AD5A /* Frameworks */ = {
			isa = PBXFrameworksBuildPhase;
			buildActionMask = 2147483647;
			files = (
			);
			runOnlyForDeploymentPostprocessing = 0;
		};
		A1F13C6F1A5E98BC0057AD5A /* Frameworks */ = {
			isa = PBXFrameworksBuildPhase;
			buildActionMask = 2147483647;
			files = (
			);
			runOnlyForDeploymentPostprocessing = 0;
		};
/* End PBXFrameworksBuildPhase section */

/* Begin PBXGroup section */
		A1F13C561A5E98BB0057AD5A = {
			isa = PBXGroup;
			children = (
				A1F13C941A5EA21A0057AD5A /* src */,
				A1F13C611A5E98BB0057AD5A /* JXScreenOrientationControl */,
				A1F13C751A5E98BC0057AD5A /* JXScreenOrientationControlTests */,
				A1F13C601A5E98BB0057AD5A /* Products */,
			);
			sourceTree = "<group>";
		};
		A1F13C601A5E98BB0057AD5A /* Products */ = {
			isa = PBXGroup;
			children = (
				A1F13C5F1A5E98BB0057AD5A /* JXScreenOrientationControl.app */,
				A1F13C721A5E98BC0057AD5A /* JXScreenOrientationControlTests.xctest */,
			);
			name = Products;
			sourceTree = "<group>";
		};
		A1F13C611A5E98BB0057AD5A /* JXScreenOrientationControl */ = {
			isa = PBXGroup;
			children = (
				A1F13C661A5E98BC0057AD5A /* AppDelegate.h */,
				A1F13C671A5E98BC0057AD5A /* AppDelegate.m */,
				A1F13C8B1A5E9EE70057AD5A /* JXViewController.h */,
				A1F13C8C1A5E9EE70057AD5A /* JXViewController.m */,
				A1F13C691A5E98BC0057AD5A /* Images.xcassets */,
				A1F13C6B1A5E98BC0057AD5A /* LaunchScreen.xib */,
				A1F13C621A5E98BC0057AD5A /* Supporting Files */,
			);
			path = JXScreenOrientationControl;
			sourceTree = "<group>";
		};
		A1F13C621A5E98BC0057AD5A /* Supporting Files */ = {
			isa = PBXGroup;
			children = (
				A1F13C631A5E98BC0057AD5A /* Info.plist */,
				A1F13C641A5E98BC0057AD5A /* main.m */,
			);
			name = "Supporting Files";
			sourceTree = "<group>";
		};
		A1F13C751A5E98BC0057AD5A /* JXScreenOrientationControlTests */ = {
			isa = PBXGroup;
			children = (
				A1F13C781A5E98BC0057AD5A /* JXScreenOrientationControlTests.m */,
				A1F13C761A5E98BC0057AD5A /* Supporting Files */,
			);
			path = JXScreenOrientationControlTests;
			sourceTree = "<group>";
		};
		A1F13C761A5E98BC0057AD5A /* Supporting Files */ = {
			isa = PBXGroup;
			children = (
				A1F13C771A5E98BC0057AD5A /* Info.plist */,
			);
			name = "Supporting Files";
			sourceTree = "<group>";
		};
		A1F13C941A5EA21A0057AD5A /* src */ = {
			isa = PBXGroup;
			children = (
				A1F13C951A5EA21A0057AD5A /* AppDelegate+JXScreenControl.h */,
				A1F13C961A5EA21A0057AD5A /* AppDelegate+JXScreenControl.m */,
				A1F13C971A5EA21A0057AD5A /* JXScreenControl.h */,
				A1F13C981A5EA21A0057AD5A /* JXScreenControl.m */,
			);
			name = src;
			path = ../src;
			sourceTree = "<group>";
		};
/* End PBXGroup section */

/* Begin PBXNativeTarget section */
		A1F13C5E1A5E98BB0057AD5A /* JXScreenOrientationControl */ = {
			isa = PBXNativeTarget;
			buildConfigurationList = A1F13C7C1A5E98BC0057AD5A /* Build configuration list for PBXNativeTarget "JXScreenOrientationControl" */;
			buildPhases = (
				A1F13C5B1A5E98BB0057AD5A /* Sources */,
				A1F13C5C1A5E98BB0057AD5A /* Frameworks */,
				A1F13C5D1A5E98BB0057AD5A /* Resources */,
			);
			buildRules = (
			);
			dependencies = (
			);
			name = JXScreenOrientationControl;
			productName = JXScreenOrientationControl;
			productReference = A1F13C5F1A5E98BB0057AD5A /* JXScreenOrientationControl.app */;
			productType = "com.apple.product-type.application";
		};
		A1F13C711A5E98BC0057AD5A /* JXScreenOrientationControlTests */ = {
			isa = PBXNativeTarget;
			buildConfigurationList = A1F13C7F1A5E98BC0057AD5A /* Build configuration list for PBXNativeTarget "JXScreenOrientationControlTests" */;
			buildPhases = (
				A1F13C6E1A5E98BC0057AD5A /* Sources */,
				A1F13C6F1A5E98BC0057AD5A /* Frameworks */,
				A1F13C701A5E98BC0057AD5A /* Resources */,
			);
			buildRules = (
			);
			dependencies = (
				A1F13C741A5E98BC0057AD5A /* PBXTargetDependency */,
			);
			name = JXScreenOrientationControlTests;
			productName = JXScreenOrientationControlTests;
			productReference = A1F13C721A5E98BC0057AD5A /* JXScreenOrientationControlTests.xctest */;
			productType = "com.apple.product-type.bundle.unit-test";
		};
/* End PBXNativeTarget section */

/* Begin PBXProject section */
		A1F13C571A5E98BB0057AD5A /* Project object */ = {
			isa = PBXProject;
			attributes = {
				LastUpgradeCheck = 0610;
				ORGANIZATIONNAME = Andy;
				TargetAttributes = {
					A1F13C5E1A5E98BB0057AD5A = {
						CreatedOnToolsVersion = 6.1;
					};
					A1F13C711A5E98BC0057AD5A = {
						CreatedOnToolsVersion = 6.1;
						TestTargetID = A1F13C5E1A5E98BB0057AD5A;
					};
				};
			};
			buildConfigurationList = A1F13C5A1A5E98BB0057AD5A /* Build configuration list for PBXProject "JXScreenOrientationControl" */;
			compatibilityVersion = "Xcode 3.2";
			developmentRegion = English;
			hasScannedForEncodings = 0;
			knownRegions = (
				en,
				Base,
			);
			mainGroup = A1F13C561A5E98BB0057AD5A;
			productRefGroup = A1F13C601A5E98BB0057AD5A /* Products */;
			projectDirPath = "";
			projectRoot = "";
			targets = (
				A1F13C5E1A5E98BB0057AD5A /* JXScreenOrientationControl */,
				A1F13C711A5E98BC0057AD5A /* JXScreenOrientationControlTests */,
			);
		};
/* End PBXProject section */

/* Begin PBXResourcesBuildPhase section */
		A1F13C5D1A5E98BB0057AD5A /* Resources */ = {
			isa = PBXResourcesBuildPhase;
			buildActionMask = 2147483647;
			files = (
				A1F13C6D1A5E98BC0057AD5A /* LaunchScreen.xib in Resources */,
				A1F13C6A1A5E98BC0057AD5A /* Images.xcassets in Resources */,
			);
			runOnlyForDeploymentPostprocessing = 0;
		};
		A1F13C701A5E98BC0057AD5A /* Resources */ = {
			isa = PBXResourcesBuildPhase;
			buildActionMask = 2147483647;
			files = (
			);
			runOnlyForDeploymentPostprocessing = 0;
		};
/* End PBXResourcesBuildPhase section */

/* Begin PBXSourcesBuildPhase section */
		A1F13C5B1A5E98BB0057AD5A /* Sources */ = {
			isa = PBXSourcesBuildPhase;
			buildActionMask = 2147483647;
			files = (
				A1F13C681A5E98BC0057AD5A /* AppDelegate.m in Sources */,
				A1F13C8D1A5E9EE70057AD5A /* JXViewController.m in Sources */,
				A1F13C9A1A5EA21A0057AD5A /* JXScreenControl.m in Sources */,
				A1F13C991A5EA21A0057AD5A /* AppDelegate+JXScreenControl.m in Sources */,
				A1F13C651A5E98BC0057AD5A /* main.m in Sources */,
			);
			runOnlyForDeploymentPostprocessing = 0;
		};
		A1F13C6E1A5E98BC0057AD5A /* Sources */ = {
			isa = PBXSourcesBuildPhase;
			buildActionMask = 2147483647;
			files = (
				A1F13C791A5E98BC0057AD5A /* JXScreenOrientationControlTests.m in Sources */,
			);
			runOnlyForDeploymentPostprocessing = 0;
		};
/* End PBXSourcesBuildPhase section */

/* Begin PBXTargetDependency section */
		A1F13C741A5E98BC0057AD5A /* PBXTargetDependency */ = {
			isa = PBXTargetDependency;
			target = A1F13C5E1A5E98BB0057AD5A /* JXScreenOrientationControl */;
			targetProxy = A1F13C731A5E98BC0057AD5A /* PBXContainerItemProxy */;
		};
/* End PBXTargetDependency section */

/* Begin PBXVariantGroup section */
		A1F13C6B1A5E98BC0057AD5A /* LaunchScreen.xib */ = {
			isa = PBXVariantGroup;
			children = (
				A1F13C6C1A5E98BC0057AD5A /* Base */,
			);
			name = LaunchScreen.xib;
			sourceTree = "<group>";
		};
/* End PBXVariantGroup section */

/* Begin XCBuildConfiguration section */
		A1F13C7A1A5E98BC0057AD5A /* Debug */ = {
			isa = XCBuildConfiguration;
			buildSettings = {
				ALWAYS_SEARCH_USER_PATHS = NO;
				CLANG_CXX_LANGUAGE_STANDARD = "gnu++0x";
				CLANG_CXX_LIBRARY = "libc++";
				CLANG_ENABLE_MODULES = YES;
				CLANG_ENABLE_OBJC_ARC = YES;
				CLANG_WARN_BOOL_CONVERSION = YES;
				CLANG_WARN_CONSTANT_CONVERSION = YES;
				CLANG_WARN_DIRECT_OBJC_ISA_USAGE = YES_ERROR;
				CLANG_WARN_EMPTY_BODY = YES;
				CLANG_WARN_ENUM_CONVERSION = YES;
				CLANG_WARN_INT_CONVERSION = YES;
				CLANG_WARN_OBJC_ROOT_CLASS = YES_ERROR;
				CLANG_WARN_UNREACHABLE_CODE = YES;
				CLANG_WARN__DUPLICATE_METHOD_MATCH = YES;
				"CODE_SIGN_IDENTITY[sdk=iphoneos*]" = "iPhone Developer";
				COPY_PHASE_STRIP = NO;
				ENABLE_STRICT_OBJC_MSGSEND = YES;
				GCC_C_LANGUAGE_STANDARD = gnu99;
				GCC_DYNAMIC_NO_PIC = NO;
				GCC_OPTIMIZATION_LEVEL = 0;
				GCC_PREPROCESSOR_DEFINITIONS = (
					"DEBUG=1",
					"$(inherited)",
				);
				GCC_SYMBOLS_PRIVATE_EXTERN = NO;
				GCC_WARN_64_TO_32_BIT_CONVERSION = YES;
				GCC_WARN_ABOUT_RETURN_TYPE = YES_ERROR;
				GCC_WARN_UNDECLARED_SELECTOR = YES;
				GCC_WARN_UNINITIALIZED_AUTOS = YES_AGGRESSIVE;
				GCC_WARN_UNUSED_FUNCTION = YES;
				GCC_WARN_UNUSED_VARIABLE = YES;
				IPHONEOS_DEPLOYMENT_TARGET = 8.1;
				MTL_ENABLE_DEBUG_INFO = YES;
				ONLY_ACTIVE_ARCH = YES;
				SDKROOT = iphoneos;
				TARGETED_DEVICE_FAMILY = "1,2";
			};
			name = Debug;
		};
		A1F13C7B1A5E98BC0057AD5A /* Release */ = {
			isa = XCBuildConfiguration;
			buildSettings = {
				ALWAYS_SEARCH_USER_PATHS = NO;
				CLANG_CXX_LANGUAGE_STANDARD = "gnu++0x";
				CLANG_CXX_LIBRARY = "libc++";
				CLANG_ENABLE_MODULES = YES;
				CLANG_ENABLE_OBJC_ARC = YES;
				CLANG_WARN_BOOL_CONVERSION = YES;
				CLANG_WARN_CONSTANT_CONVERSION = YES;
				CLANG_WARN_DIRECT_OBJC_ISA_USAGE = YES_ERROR;
				CLANG_WARN_EMPTY_BODY = YES;
				CLANG_WARN_ENUM_CONVERSION = YES;
				CLANG_WARN_INT_CONVERSION = YES;
				CLANG_WARN_OBJC_ROOT_CLASS = YES_ERROR;
				CLANG_WARN_UNREACHABLE_CODE = YES;
				CLANG_WARN__DUPLICATE_METHOD_MATCH = YES;
				"CODE_SIGN_IDENTITY[sdk=iphoneos*]" = "iPhone Developer";
				COPY_PHASE_STRIP = YES;
				ENABLE_NS_ASSERTIONS = NO;
				ENABLE_STRICT_OBJC_MSGSEND = YES;
				GCC_C_LANGUAGE_STANDARD = gnu99;
				GCC_WARN_64_TO_32_BIT_CONVERSION = YES;
				GCC_WARN_ABOUT_RETURN_TYPE = YES_ERROR;
				GCC_WARN_UNDECLARED_SELECTOR = YES;
				GCC_WARN_UNINITIALIZED_AUTOS = YES_AGGRESSIVE;
				GCC_WARN_UNUSED_FUNCTION = YES;
				GCC_WARN_UNUSED_VARIABLE = YES;
				IPHONEOS_DEPLOYMENT_TARGET = 8.1;
				MTL_ENABLE_DEBUG_INFO = NO;
				SDKROOT = iphoneos;
				TARGETED_DEVICE_FAMILY = "1,2";
				VALIDATE_PRODUCT = YES;
			};
			name = Release;
		};
		A1F13C7D1A5E98BC0057AD5A /* Debug */ = {
			isa = XCBuildConfiguration;
			buildSettings = {
				ASSETCATALOG_COMPILER_APPICON_NAME = AppIcon;
				INFOPLIST_FILE = JXScreenOrientationControl/Info.plist;
				LD_RUNPATH_SEARCH_PATHS = "$(inherited) @executable_path/Frameworks";
				PRODUCT_NAME = "$(TARGET_NAME)";
			};
			name = Debug;
		};
		A1F13C7E1A5E98BC0057AD5A /* Release */ = {
			isa = XCBuildConfiguration;
			buildSettings = {
				ASSETCATALOG_COMPILER_APPICON_NAME = AppIcon;
				INFOPLIST_FILE = JXScreenOrientationControl/Info.plist;
				LD_RUNPATH_SEARCH_PATHS = "$(inherited) @executable_path/Frameworks";
				PRODUCT_NAME = "$(TARGET_NAME)";
			};
			name = Release;
		};
		A1F13C801A5E98BC0057AD5A /* Debug */ = {
			isa = XCBuildConfiguration;
			buildSettings = {
				BUNDLE_LOADER = "$(TEST_HOST)";
				FRAMEWORK_SEARCH_PATHS = (
					"$(SDKROOT)/Developer/Library/Frameworks",
					"$(inherited)",
				);
				GCC_PREPROCESSOR_DEFINITIONS = (
					"DEBUG=1",
					"$(inherited)",
				);
				INFOPLIST_FILE = JXScreenOrientationControlTests/Info.plist;
				LD_RUNPATH_SEARCH_PATHS = "$(inherited) @executable_path/Frameworks @loader_path/Frameworks";
				PRODUCT_NAME = "$(TARGET_NAME)";
				TEST_HOST = "$(BUILT_PRODUCTS_DIR)/JXScreenOrientationControl.app/JXScreenOrientationControl";
			};
			name = Debug;
		};
		A1F13C811A5E98BC0057AD5A /* Release */ = {
			isa = XCBuildConfiguration;
			buildSettings = {
				BUNDLE_LOADER = "$(TEST_HOST)";
				FRAMEWORK_SEARCH_PATHS = (
					"$(SDKROOT)/Developer/Library/Frameworks",
					"$(inherited)",
				);
				INFOPLIST_FILE = JXScreenOrientationControlTests/Info.plist;
				LD_RUNPATH_SEARCH_PATHS = "$(inherited) @executable_path/Frameworks @loader_path/Frameworks";
				PRODUCT_NAME = "$(TARGET_NAME)";
				TEST_HOST = "$(BUILT_PRODUCTS_DIR)/JXScreenOrientationControl.app/JXScreenOrientationControl";
			};
			name = Release;
		};
/* End XCBuildConfiguration section */

/* Begin XCConfigurationList section */
		A1F13C5A1A5E98BB0057AD5A /* Build configuration list for PBXProject "JXScreenOrientationControl" */ = {
			isa = XCConfigurationList;
			buildConfigurations = (
				A1F13C7A1A5E98BC0057AD5A /* Debug */,
				A1F13C7B1A5E98BC0057AD5A /* Release */,
			);
			defaultConfigurationIsVisible = 0;
			defaultConfigurationName = Release;
		};
		A1F13C7C1A5E98BC0057AD5A /* Build configuration list for PBXNativeTarget "JXScreenOrientationControl" */ = {
			isa = XCConfigurationList;
			buildConfigurations = (
				A1F13C7D1A5E98BC0057AD5A /* Debug */,
				A1F13C7E1A5E98BC0057AD5A /* Release */,
			);
			defaultConfigurationIsVisible = 0;
			defaultConfigurationName = Release;
		};
		A1F13C7F1A5E98BC0057AD5A /* Build configuration list for PBXNativeTarget "JXScreenOrientationControlTests" */ = {
			isa = XCConfigurationList;
			buildConfigurations = (
				A1F13C801A5E98BC0057AD5A /* Debug */,
				A1F13C811A5E98BC0057AD5A /* Release */,
			);
			defaultConfigurationIsVisible = 0;
			defaultConfigurationName = Release;
		};
/* End XCConfigurationList section */
	};
	rootObject = A1F13C571A5E98BB0057AD5A /* Project object */;
}
